
Microsoft Visual Studio Solution File, Format Version 12.00
# Visual Studio 15
VisualStudioVersion = 15.0.28307.168
MinimumVisualStudioVersion = 10.0.40219.1
Project("{2150E333-8FDC-42A3-9474-1A3956D46DE8}") = "src", "src", "{F09A4517-868E-4075-9B46-69DA88E643C6}"
EndProject
Project("{2150E333-8FDC-42A3-9474-1A3956D46DE8}") = "1 - Presentation", "1 - Presentation", "{C61DC680-0707-4263-A2E1-388B899587BA}"
EndProject
Project("{2150E333-8FDC-42A3-9474-1A3956D46DE8}") = "2 - Services", "2 - Services", "{713CC435-0BC5-44DC-B60E-228578438566}"
EndProject
Project("{2150E333-8FDC-42A3-9474-1A3956D46DE8}") = "3 - Application", "3 - Application", "{70E48772-15B3-4FB9-907D-91A1F6121EDF}"
EndProject
Project("{2150E333-8FDC-42A3-9474-1A3956D46DE8}") = "4 - Domain", "4 - Domain", "{9D8E2965-708A-4DE1-9DC7-BC17BB4769B0}"
EndProject
Project("{2150E333-8FDC-42A3-9474-1A3956D46DE8}") = "5 - Infra", "5 - Infra", "{48E145EE-AD40-49FB-A42F-585D09F7479B}"
EndProject
Project("{9A19103F-16F7-4668-BE54-9A1E7A4F7556}") = "AgnusCrm.UI.Web", "src\AgnusCrm.UI.Web\AgnusCrm.UI.Web.csproj", "{7EDFD8D4-1373-42F8-9A15-D1807F46A294}"
EndProject
Project("{9A19103F-16F7-4668-BE54-9A1E7A4F7556}") = "AgnusCrm.Domain.Core", "src\AgnusCrm.Domain.Core\AgnusCrm.Domain.Core.csproj", "{7C8A6C7D-2E41-449F-8439-2729DD22681D}"
EndProject
Project("{9A19103F-16F7-4668-BE54-9A1E7A4F7556}") = "AgnusCrm.Domain", "src\AgnusCrm.Domain\AgnusCrm.Domain.csproj", "{879C20FF-2C71-4CE6-B56E-1B1360C4337A}"
EndProject
Project("{2150E333-8FDC-42A3-9474-1A3956D46DE8}") = "5.1 - Data", "5.1 - Data", "{BA67DFFE-3E51-482D-BE6D-B89A51373CAE}"
EndProject
Project("{2150E333-8FDC-42A3-9474-1A3956D46DE8}") = "5.2 - CrossCutting", "5.2 - CrossCutting", "{2EAFD042-248A-46EC-AC20-E0501552F8D9}"
EndProject
Project("{9A19103F-16F7-4668-BE54-9A1E7A4F7556}") = "AgnusCrm.Infra.CrossCutting.Bus", "src\AgnusCrm.Infra.CrossCutting.Bus\AgnusCrm.Infra.CrossCutting.Bus.csproj", "{E477D99C-274A-4EB4-9569-419359E64396}"
EndProject
Project("{9A19103F-16F7-4668-BE54-9A1E7A4F7556}") = "AgnusCrm.Infra.CrossCutting.Identity", "src\AgnusCrm.Infra.CrossCutting.Identity\AgnusCrm.Infra.CrossCutting.Identity.csproj", "{15B56825-DEA8-48C0-ADA6-E6FD506AA54E}"
EndProject
Project("{9A19103F-16F7-4668-BE54-9A1E7A4F7556}") = "AgnusCrm.Infra.CrossCutting.IoC", "src\AgnusCrm.Infra.CrossCutting.IoC\AgnusCrm.Infra.CrossCutting.IoC.csproj", "{DEA72934-21CD-46FA-B6C1-9EA73C9190F7}"
EndProject
Project("{9A19103F-16F7-4668-BE54-9A1E7A4F7556}") = "AgnusCrm.Application", "src\AgnusCrm.Application\AgnusCrm.Application.csproj", "{86607F93-8D6A-46D2-9F48-6BE434AA8288}"
EndProject
Project("{9A19103F-16F7-4668-BE54-9A1E7A4F7556}") = "AgnusCrm.Infra.Data", "src\AgnusCrm.Infra.Data\AgnusCrm.Infra.Data.csproj", "{79ED18A2-4347-4C43-97B8-1F995ADC85F5}"
EndProject
Project("{9A19103F-16F7-4668-BE54-9A1E7A4F7556}") = "AgnusCrm.Services.Api", "src\AgnusCrm.Services.Api\AgnusCrm.Services.Api.csproj", "{7DA485D2-DCE2-48A2-88C0-B7CE5784FA07}"
EndProject
Project("{2150E333-8FDC-42A3-9474-1A3956D46DE8}") = "Solution Items", "Solution Items", "{6A62ED86-EAA8-4FB6-82FD-1AD3E13490AE}"
	ProjectSection(SolutionItems) = preProject
		global.json = global.json
	EndProjectSection
EndProject
Global
	GlobalSection(SolutionConfigurationPlatforms) = preSolution
		Debug|Any CPU = Debug|Any CPU
		Release|Any CPU = Release|Any CPU
	EndGlobalSection
	GlobalSection(ProjectConfigurationPlatforms) = postSolution
		{7EDFD8D4-1373-42F8-9A15-D1807F46A294}.Debug|Any CPU.ActiveCfg = Debug|Any CPU
		{7EDFD8D4-1373-42F8-9A15-D1807F46A294}.Debug|Any CPU.Build.0 = Debug|Any CPU
		{7EDFD8D4-1373-42F8-9A15-D1807F46A294}.Release|Any CPU.ActiveCfg = Release|Any CPU
		{7EDFD8D4-1373-42F8-9A15-D1807F46A294}.Release|Any CPU.Build.0 = Release|Any CPU
		{7C8A6C7D-2E41-449F-8439-2729DD22681D}.Debug|Any CPU.ActiveCfg = Debug|Any CPU
		{7C8A6C7D-2E41-449F-8439-2729DD22681D}.Debug|Any CPU.Build.0 = Debug|Any CPU
		{7C8A6C7D-2E41-449F-8439-2729DD22681D}.Release|Any CPU.ActiveCfg = Release|Any CPU
		{7C8A6C7D-2E41-449F-8439-2729DD22681D}.Release|Any CPU.Build.0 = Release|Any CPU
		{879C20FF-2C71-4CE6-B56E-1B1360C4337A}.Debug|Any CPU.ActiveCfg = Debug|Any CPU
		{879C20FF-2C71-4CE6-B56E-1B1360C4337A}.Debug|Any CPU.Build.0 = Debug|Any CPU
		{879C20FF-2C71-4CE6-B56E-1B1360C4337A}.Release|Any CPU.ActiveCfg = Release|Any CPU
		{879C20FF-2C71-4CE6-B56E-1B1360C4337A}.Release|Any CPU.Build.0 = Release|Any CPU
		{E477D99C-274A-4EB4-9569-419359E64396}.Debug|Any CPU.ActiveCfg = Debug|Any CPU
		{E477D99C-274A-4EB4-9569-419359E64396}.Debug|Any CPU.Build.0 = Debug|Any CPU
		{E477D99C-274A-4EB4-9569-419359E64396}.Release|Any CPU.ActiveCfg = Release|Any CPU
		{E477D99C-274A-4EB4-9569-419359E64396}.Release|Any CPU.Build.0 = Release|Any CPU
		{15B56825-DEA8-48C0-ADA6-E6FD506AA54E}.Debug|Any CPU.ActiveCfg = Debug|Any CPU
		{15B56825-DEA8-48C0-ADA6-E6FD506AA54E}.Debug|Any CPU.Build.0 = Debug|Any CPU
		{15B56825-DEA8-48C0-ADA6-E6FD506AA54E}.Release|Any CPU.ActiveCfg = Release|Any CPU
		{15B56825-DEA8-48C0-ADA6-E6FD506AA54E}.Release|Any CPU.Build.0 = Release|Any CPU
		{DEA72934-21CD-46FA-B6C1-9EA73C9190F7}.Debug|Any CPU.ActiveCfg = Debug|Any CPU
		{DEA72934-21CD-46FA-B6C1-9EA73C9190F7}.Debug|Any CPU.Build.0 = Debug|Any CPU
		{DEA72934-21CD-46FA-B6C1-9EA73C9190F7}.Release|Any CPU.ActiveCfg = Release|Any CPU
		{DEA72934-21CD-46FA-B6C1-9EA73C9190F7}.Release|Any CPU.Build.0 = Release|Any CPU
		{86607F93-8D6A-46D2-9F48-6BE434AA8288}.Debug|Any CPU.ActiveCfg = Debug|Any CPU
		{86607F93-8D6A-46D2-9F48-6BE434AA8288}.Debug|Any CPU.Build.0 = Debug|Any CPU
		{86607F93-8D6A-46D2-9F48-6BE434AA8288}.Release|Any CPU.ActiveCfg = Release|Any CPU
		{86607F93-8D6A-46D2-9F48-6BE434AA8288}.Release|Any CPU.Build.0 = Release|Any CPU
		{79ED18A2-4347-4C43-97B8-1F995ADC85F5}.Debug|Any CPU.ActiveCfg = Debug|Any CPU
		{79ED18A2-4347-4C43-97B8-1F995ADC85F5}.Debug|Any CPU.Build.0 = Debug|Any CPU
		{79ED18A2-4347-4C43-97B8-1F995ADC85F5}.Release|Any CPU.ActiveCfg = Release|Any CPU
		{79ED18A2-4347-4C43-97B8-1F995ADC85F5}.Release|Any CPU.Build.0 = Release|Any CPU
		{7DA485D2-DCE2-48A2-88C0-B7CE5784FA07}.Debug|Any CPU.ActiveCfg = Debug|Any CPU
		{7DA485D2-DCE2-48A2-88C0-B7CE5784FA07}.Debug|Any CPU.Build.0 = Debug|Any CPU
		{7DA485D2-DCE2-48A2-88C0-B7CE5784FA07}.Release|Any CPU.ActiveCfg = Release|Any CPU
		{7DA485D2-DCE2-48A2-88C0-B7CE5784FA07}.Release|Any CPU.Build.0 = Release|Any CPU
	EndGlobalSection
	GlobalSection(SolutionProperties) = preSolution
		HideSolutionNode = FALSE
	EndGlobalSection
	GlobalSection(NestedProjects) = preSolution
		{C61DC680-0707-4263-A2E1-388B899587BA} = {F09A4517-868E-4075-9B46-69DA88E643C6}
		{713CC435-0BC5-44DC-B60E-228578438566} = {F09A4517-868E-4075-9B46-69DA88E643C6}
		{70E48772-15B3-4FB9-907D-91A1F6121EDF} = {F09A4517-868E-4075-9B46-69DA88E643C6}
		{9D8E2965-708A-4DE1-9DC7-BC17BB4769B0} = {F09A4517-868E-4075-9B46-69DA88E643C6}
		{48E145EE-AD40-49FB-A42F-585D09F7479B} = {F09A4517-868E-4075-9B46-69DA88E643C6}
		{7EDFD8D4-1373-42F8-9A15-D1807F46A294} = {C61DC680-0707-4263-A2E1-388B899587BA}
		{7C8A6C7D-2E41-449F-8439-2729DD22681D} = {9D8E2965-708A-4DE1-9DC7-BC17BB4769B0}
		{879C20FF-2C71-4CE6-B56E-1B1360C4337A} = {9D8E2965-708A-4DE1-9DC7-BC17BB4769B0}
		{BA67DFFE-3E51-482D-BE6D-B89A51373CAE} = {48E145EE-AD40-49FB-A42F-585D09F7479B}
		{2EAFD042-248A-46EC-AC20-E0501552F8D9} = {48E145EE-AD40-49FB-A42F-585D09F7479B}
		{E477D99C-274A-4EB4-9569-419359E64396} = {2EAFD042-248A-46EC-AC20-E0501552F8D9}
		{15B56825-DEA8-48C0-ADA6-E6FD506AA54E} = {2EAFD042-248A-46EC-AC20-E0501552F8D9}
		{DEA72934-21CD-46FA-B6C1-9EA73C9190F7} = {2EAFD042-248A-46EC-AC20-E0501552F8D9}
		{86607F93-8D6A-46D2-9F48-6BE434AA8288} = {70E48772-15B3-4FB9-907D-91A1F6121EDF}
		{79ED18A2-4347-4C43-97B8-1F995ADC85F5} = {BA67DFFE-3E51-482D-BE6D-B89A51373CAE}
		{7DA485D2-DCE2-48A2-88C0-B7CE5784FA07} = {713CC435-0BC5-44DC-B60E-228578438566}
	EndGlobalSection
	GlobalSection(ExtensibilityGlobals) = postSolution
		SolutionGuid = {3AA8A6A8-183F-4325-A256-05EFDEBEFC1C}
	EndGlobalSection
EndGlobal
