
Microsoft Visual Studio Solution File, Format Version 12.00
# Visual Studio 15
VisualStudioVersion = 15.0.28010.2016
MinimumVisualStudioVersion = 10.0.40219.1
Project("{9A19103F-16F7-4668-BE54-9A1E7A4F7556}") = "AgnusCrm.Web", "AgunsCrm.Web\AgnusCrm.Web.csproj", "{8C5C7B75-8303-4E9C-A669-2CB3CD16AF07}"
EndProject
Global
	GlobalSection(SolutionConfigurationPlatforms) = preSolution
		Debug|Any CPU = Debug|Any CPU
		Release|Any CPU = Release|Any CPU
	EndGlobalSection
	GlobalSection(ProjectConfigurationPlatforms) = postSolution
		{8C5C7B75-8303-4E9C-A669-2CB3CD16AF07}.Debug|Any CPU.ActiveCfg = Debug|Any CPU
		{8C5C7B75-8303-4E9C-A669-2CB3CD16AF07}.Debug|Any CPU.Build.0 = Debug|Any CPU
		{8C5C7B75-8303-4E9C-A669-2CB3CD16AF07}.Release|Any CPU.ActiveCfg = Release|Any CPU
		{8C5C7B75-8303-4E9C-A669-2CB3CD16AF07}.Release|Any CPU.Build.0 = Release|Any CPU
	EndGlobalSection
	GlobalSection(SolutionProperties) = preSolution
		HideSolutionNode = FALSE
	EndGlobalSection
	GlobalSection(ExtensibilityGlobals) = postSolution
		SolutionGuid = {A3652F0B-ED8C-458B-BD13-E84422A7D255}
	EndGlobalSection
EndGlobal
