
Microsoft Visual Studio Solution File, Format Version 12.00
# Visual Studio 15
VisualStudioVersion = 15.0.28307.168
MinimumVisualStudioVersion = 10.0.40219.1
Project("{FAE04EC0-301F-11D3-BF4B-00C04F79EFBC}") = "AgnusCrm", "AgnusCrm\AgnusCrm.csproj", "{8552F208-B7E7-431E-9C25-FB064FA0859A}"
EndProject
Global
	GlobalSection(SolutionConfigurationPlatforms) = preSolution
		Debug|Any CPU = Debug|Any CPU
		Release|Any CPU = Release|Any CPU
	EndGlobalSection
	GlobalSection(ProjectConfigurationPlatforms) = postSolution
		{8552F208-B7E7-431E-9C25-FB064FA0859A}.Debug|Any CPU.ActiveCfg = Debug|Any CPU
		{8552F208-B7E7-431E-9C25-FB064FA0859A}.Debug|Any CPU.Build.0 = Debug|Any CPU
		{8552F208-B7E7-431E-9C25-FB064FA0859A}.Release|Any CPU.ActiveCfg = Release|Any CPU
		{8552F208-B7E7-431E-9C25-FB064FA0859A}.Release|Any CPU.Build.0 = Release|Any CPU
	EndGlobalSection
	GlobalSection(SolutionProperties) = preSolution
		HideSolutionNode = FALSE
	EndGlobalSection
	GlobalSection(ExtensibilityGlobals) = postSolution
		SolutionGuid = {3AA8A6A8-183F-4325-A256-05EFDEBEFC1C}
	EndGlobalSection
EndGlobal
